// !$*UTF8*$!
{
	archiveVersion = 1;
	classes = {
	};
	objectVersion = 46;
	objects = {

/* Begin PBXBuildFile section */
		DB25C29719329B9900F77C95 /* HomeViewController.m in Sources */ = {isa = PBXBuildFile; fileRef = DB25C29619329B9900F77C95 /* HomeViewController.m */; };
		DB25C29B19329EC600F77C95 /* airportCar.png in Resources */ = {isa = PBXBuildFile; fileRef = DB25C29919329EC600F77C95 /* airportCar.png */; };
		DB25C29C19329EC600F77C95 /* coupon.png in Resources */ = {isa = PBXBuildFile; fileRef = DB25C29A19329EC600F77C95 /* coupon.png */; };
		DB29CF8D1921F6F1000EAB57 /* appapplystate.html in Resources */ = {isa = PBXBuildFile; fileRef = DB29CF8C1921F6F1000EAB57 /* appapplystate.html */; };
		DB6303E418F74ABB0056F188 /* Foundation.framework in Frameworks */ = {isa = PBXBuildFile; fileRef = DB6303E318F74ABB0056F188 /* Foundation.framework */; };
		DB6303E618F74ABB0056F188 /* CoreGraphics.framework in Frameworks */ = {isa = PBXBuildFile; fileRef = DB6303E518F74ABB0056F188 /* CoreGraphics.framework */; };
		DB6303E818F74ABB0056F188 /* UIKit.framework in Frameworks */ = {isa = PBXBuildFile; fileRef = DB6303E718F74ABB0056F188 /* UIKit.framework */; };
		DB6303EE18F74ABB0056F188 /* InfoPlist.strings in Resources */ = {isa = PBXBuildFile; fileRef = DB6303EC18F74ABB0056F188 /* InfoPlist.strings */; };
		DB6303F018F74ABB0056F188 /* main.m in Sources */ = {isa = PBXBuildFile; fileRef = DB6303EF18F74ABB0056F188 /* main.m */; };
		DB6303F418F74ABB0056F188 /* AppDelegate.m in Sources */ = {isa = PBXBuildFile; fileRef = DB6303F318F74ABB0056F188 /* AppDelegate.m */; };
		DB6303F618F74ABB0056F188 /* Images.xcassets in Resources */ = {isa = PBXBuildFile; fileRef = DB6303F518F74ABB0056F188 /* Images.xcassets */; };
		DB6303FD18F74ABB0056F188 /* XCTest.framework in Frameworks */ = {isa = PBXBuildFile; fileRef = DB6303FC18F74ABB0056F188 /* XCTest.framework */; };
		DB6303FE18F74ABB0056F188 /* Foundation.framework in Frameworks */ = {isa = PBXBuildFile; fileRef = DB6303E318F74ABB0056F188 /* Foundation.framework */; };
		DB6303FF18F74ABB0056F188 /* UIKit.framework in Frameworks */ = {isa = PBXBuildFile; fileRef = DB6303E718F74ABB0056F188 /* UIKit.framework */; };
		DB63040718F74ABB0056F188 /* InfoPlist.strings in Resources */ = {isa = PBXBuildFile; fileRef = DB63040518F74ABB0056F188 /* InfoPlist.strings */; };
		DB63040918F74ABB0056F188 /* InWanTravelTests.m in Sources */ = {isa = PBXBuildFile; fileRef = DB63040818F74ABB0056F188 /* InWanTravelTests.m */; };
		DB8237E418F75AEA00F6DD86 /* WebBrowserViewController.m in Sources */ = {isa = PBXBuildFile; fileRef = DB8237E318F75AEA00F6DD86 /* WebBrowserViewController.m */; };
		DB8237E718F7628A00F6DD86 /* MainNavigationController.m in Sources */ = {isa = PBXBuildFile; fileRef = DB8237E618F7628A00F6DD86 /* MainNavigationController.m */; };
		DBB89CA91920729D007A5623 /* CouponViewController.m in Sources */ = {isa = PBXBuildFile; fileRef = DBB89CA81920729D007A5623 /* CouponViewController.m */; };
		DBB89E14192089A5007A5623 /* 02-27721912_LK@2x.png in Resources */ = {isa = PBXBuildFile; fileRef = DBB89DE1192089A5007A5623 /* 02-27721912_LK@2x.png */; };
		DBB89E15192089A5007A5623 /* 04-23752465_LK@2x.png in Resources */ = {isa = PBXBuildFile; fileRef = DBB89DE2192089A5007A5623 /* 04-23752465_LK@2x.png */; };
		DBB89E16192089A5007A5623 /* MS14001_LK@2x.png in Resources */ = {isa = PBXBuildFile; fileRef = DBB89DE3192089A5007A5623 /* MS14001_LK@2x.png */; };
		DBB89E17192089A5007A5623 /* MS14003LK@2x.png in Resources */ = {isa = PBXBuildFile; fileRef = DBB89DE4192089A5007A5623 /* MS14003LK@2x.png */; };
		DBB89E18192089A5007A5623 /* MS14004_LK@2x.png in Resources */ = {isa = PBXBuildFile; fileRef = DBB89DE5192089A5007A5623 /* MS14004_LK@2x.png */; };
		DBB89E19192089A5007A5623 /* MS14007_LK@2x.png in Resources */ = {isa = PBXBuildFile; fileRef = DBB89DE6192089A5007A5623 /* MS14007_LK@2x.png */; };
		DBB89E1A192089A5007A5623 /* MS14010_LK@2x.png in Resources */ = {isa = PBXBuildFile; fileRef = DBB89DE7192089A5007A5623 /* MS14010_LK@2x.png */; };
		DBB89E1B192089A5007A5623 /* MS14016_LK@2x.png in Resources */ = {isa = PBXBuildFile; fileRef = DBB89DE8192089A5007A5623 /* MS14016_LK@2x.png */; };
		DBB89E1C192089A5007A5623 /* MS14017_LK@2x.png in Resources */ = {isa = PBXBuildFile; fileRef = DBB89DE9192089A5007A5623 /* MS14017_LK@2x.png */; };
		DBB89E1D192089A5007A5623 /* MS14022_LK@2x.png in Resources */ = {isa = PBXBuildFile; fileRef = DBB89DEA192089A5007A5623 /* MS14022_LK@2x.png */; };
		DBB89E1E192089A5007A5623 /* MS14024_LK@2x.png in Resources */ = {isa = PBXBuildFile; fileRef = DBB89DEB192089A5007A5623 /* MS14024_LK@2x.png */; };
		DBB89E1F192089A5007A5623 /* MS14027_LK@2x.png in Resources */ = {isa = PBXBuildFile; fileRef = DBB89DEC192089A5007A5623 /* MS14027_LK@2x.png */; };
		DBB89E20192089A5007A5623 /* MS14028_LK@2x.png in Resources */ = {isa = PBXBuildFile; fileRef = DBB89DED192089A5007A5623 /* MS14028_LK@2x.png */; };
		DBB89E21192089A5007A5623 /* MS14029_LK@2x.png in Resources */ = {isa = PBXBuildFile; fileRef = DBB89DEE192089A5007A5623 /* MS14029_LK@2x.png */; };
		DBB89E22192089A5007A5623 /* MS14034_LK@2x.png in Resources */ = {isa = PBXBuildFile; fileRef = DBB89DEF192089A5007A5623 /* MS14034_LK@2x.png */; };
		DBB89E23192089A5007A5623 /* MS14035_LK@2x.png in Resources */ = {isa = PBXBuildFile; fileRef = DBB89DF0192089A5007A5623 /* MS14035_LK@2x.png */; };
		DBB89E24192089A5007A5623 /* MS14037_LK@2x.png in Resources */ = {isa = PBXBuildFile; fileRef = DBB89DF1192089A5007A5623 /* MS14037_LK@2x.png */; };
		DBB89E25192089A5007A5623 /* MS14038_LK@2x.png in Resources */ = {isa = PBXBuildFile; fileRef = DBB89DF2192089A5007A5623 /* MS14038_LK@2x.png */; };
		DBB89E26192089A5007A5623 /* MS14040_LK@2x.png in Resources */ = {isa = PBXBuildFile; fileRef = DBB89DF3192089A5007A5623 /* MS14040_LK@2x.png */; };
		DBB89E27192089A5007A5623 /* MS14044_LK@2x.png in Resources */ = {isa = PBXBuildFile; fileRef = DBB89DF4192089A5007A5623 /* MS14044_LK@2x.png */; };
		DBB89E28192089A5007A5623 /* MS14050_LK@2x.png in Resources */ = {isa = PBXBuildFile; fileRef = DBB89DF5192089A5007A5623 /* MS14050_LK@2x.png */; };
		DBB89E29192089A5007A5623 /* MS14056_LK@2x.png in Resources */ = {isa = PBXBuildFile; fileRef = DBB89DF6192089A5007A5623 /* MS14056_LK@2x.png */; };
		DBB89E2A192089A5007A5623 /* MS14057_LK@2x.png in Resources */ = {isa = PBXBuildFile; fileRef = DBB89DF7192089A5007A5623 /* MS14057_LK@2x.png */; };
		DBB89E2B192089A5007A5623 /* MS14063_LK@2x.png in Resources */ = {isa = PBXBuildFile; fileRef = DBB89DF8192089A5007A5623 /* MS14063_LK@2x.png */; };
		DBB89E2C192089A5007A5623 /* MS14066_LK@2x.png in Resources */ = {isa = PBXBuildFile; fileRef = DBB89DF9192089A5007A5623 /* MS14066_LK@2x.png */; };
		DBB89E2D192089A5007A5623 /* MS14072_LK@2x.png in Resources */ = {isa = PBXBuildFile; fileRef = DBB89DFA192089A5007A5623 /* MS14072_LK@2x.png */; };
		DBB89E2E192089A5007A5623 /* LKM1307@2x.png in Resources */ = {isa = PBXBuildFile; fileRef = DBB89DFC192089A5007A5623 /* LKM1307@2x.png */; };
		DBB89E2F192089A5007A5623 /* LKM1308@2x.png in Resources */ = {isa = PBXBuildFile; fileRef = DBB89DFD192089A5007A5623 /* LKM1308@2x.png */; };
		DBB89E30192089A5007A5623 /* LKM1310@2x.png in Resources */ = {isa = PBXBuildFile; fileRef = DBB89DFE192089A5007A5623 /* LKM1310@2x.png */; };
		DBB89E31192089A5007A5623 /* LKM1314@2x.png in Resources */ = {isa = PBXBuildFile; fileRef = DBB89DFF192089A5007A5623 /* LKM1314@2x.png */; };
		DBB89E32192089A5007A5623 /* LKM1315@2x.png in Resources */ = {isa = PBXBuildFile; fileRef = DBB89E00192089A5007A5623 /* LKM1315@2x.png */; };
		DBB89E33192089A5007A5623 /* LKM1316@2x.png in Resources */ = {isa = PBXBuildFile; fileRef = DBB89E01192089A5007A5623 /* LKM1316@2x.png */; };
		DBB89E34192089A5007A5623 /* LKM1319@2x.png in Resources */ = {isa = PBXBuildFile; fileRef = DBB89E02192089A5007A5623 /* LKM1319@2x.png */; };
		DBB89E35192089A5007A5623 /* LKM1320@2x.png in Resources */ = {isa = PBXBuildFile; fileRef = DBB89E03192089A5007A5623 /* LKM1320@2x.png */; };
		DBB89E36192089A5007A5623 /* LKM1322@2x.png in Resources */ = {isa = PBXBuildFile; fileRef = DBB89E04192089A5007A5623 /* LKM1322@2x.png */; };
		DBB89E37192089A5007A5623 /* LKM1323@2x.png in Resources */ = {isa = PBXBuildFile; fileRef = DBB89E05192089A5007A5623 /* LKM1323@2x.png */; };
		DBB89E38192089A5007A5623 /* LKM1324@2x.png in Resources */ = {isa = PBXBuildFile; fileRef = DBB89E06192089A5007A5623 /* LKM1324@2x.png */; };
		DBB89E39192089A5007A5623 /* LKM1325@2x.png in Resources */ = {isa = PBXBuildFile; fileRef = DBB89E07192089A5007A5623 /* LKM1325@2x.png */; };
		DBB89E3A192089A5007A5623 /* LKM1331@2x.png in Resources */ = {isa = PBXBuildFile; fileRef = DBB89E08192089A5007A5623 /* LKM1331@2x.png */; };
		DBB89E3B192089A5007A5623 /* LKM1336@2x.png in Resources */ = {isa = PBXBuildFile; fileRef = DBB89E09192089A5007A5623 /* LKM1336@2x.png */; };
		DBB89E3C192089A5007A5623 /* LKM1338@2x.png in Resources */ = {isa = PBXBuildFile; fileRef = DBB89E0A192089A5007A5623 /* LKM1338@2x.png */; };
		DBB89E3D192089A5007A5623 /* LKM1340@2x.png in Resources */ = {isa = PBXBuildFile; fileRef = DBB89E0B192089A5007A5623 /* LKM1340@2x.png */; };
		DBB89E3E192089A5007A5623 /* LKM1401@2x.png in Resources */ = {isa = PBXBuildFile; fileRef = DBB89E0C192089A5007A5623 /* LKM1401@2x.png */; };
		DBB89E3F192089A5007A5623 /* LKM1402@2x.png in Resources */ = {isa = PBXBuildFile; fileRef = DBB89E0D192089A5007A5623 /* LKM1402@2x.png */; };
		DBB89E40192089A5007A5623 /* LKM1405@2x.png in Resources */ = {isa = PBXBuildFile; fileRef = DBB89E0E192089A5007A5623 /* LKM1405@2x.png */; };
		DBB89E41192089A5007A5623 /* LKM1406@2x.png in Resources */ = {isa = PBXBuildFile; fileRef = DBB89E0F192089A5007A5623 /* LKM1406@2x.png */; };
		DBB89E42192089A5007A5623 /* LKM1407@2x.png in Resources */ = {isa = PBXBuildFile; fileRef = DBB89E10192089A5007A5623 /* LKM1407@2x.png */; };
		DBB89E43192089A5007A5623 /* LKM1411@2x.png in Resources */ = {isa = PBXBuildFile; fileRef = DBB89E11192089A5007A5623 /* LKM1411@2x.png */; };
		DBB89E44192089A5007A5623 /* LKM1412@2x.png in Resources */ = {isa = PBXBuildFile; fileRef = DBB89E12192089A5007A5623 /* LKM1412@2x.png */; };
		DBB89E45192089A5007A5623 /* LKM1418@2x.png in Resources */ = {isa = PBXBuildFile; fileRef = DBB89E13192089A5007A5623 /* LKM1418@2x.png */; };
		DBB89E481920BAF9007A5623 /* RootNavigationController.m in Sources */ = {isa = PBXBuildFile; fileRef = DBB89E471920BAF9007A5623 /* RootNavigationController.m */; };
		DBB89E5019217F80007A5623 /* CouponData.m in Sources */ = {isa = PBXBuildFile; fileRef = DBB89E4F19217F80007A5623 /* CouponData.m */; };
/* End PBXBuildFile section */

/* Begin PBXContainerItemProxy section */
		DB63040018F74ABB0056F188 /* PBXContainerItemProxy */ = {
			isa = PBXContainerItemProxy;
			containerPortal = DB6303D818F74ABB0056F188 /* Project object */;
			proxyType = 1;
			remoteGlobalIDString = DB6303DF18F74ABB0056F188;
			remoteInfo = InWanTravel;
		};
/* End PBXContainerItemProxy section */

/* Begin PBXFileReference section */
		DB25C29519329B9900F77C95 /* HomeViewController.h */ = {isa = PBXFileReference; fileEncoding = 4; lastKnownFileType = sourcecode.c.h; path = HomeViewController.h; sourceTree = "<group>"; };
		DB25C29619329B9900F77C95 /* HomeViewController.m */ = {isa = PBXFileReference; fileEncoding = 4; lastKnownFileType = sourcecode.c.objc; path = HomeViewController.m; sourceTree = "<group>"; };
		DB25C29919329EC600F77C95 /* airportCar.png */ = {isa = PBXFileReference; lastKnownFileType = image.png; path = airportCar.png; sourceTree = "<group>"; };
		DB25C29A19329EC600F77C95 /* coupon.png */ = {isa = PBXFileReference; lastKnownFileType = image.png; path = coupon.png; sourceTree = "<group>"; };
		DB29CF8C1921F6F1000EAB57 /* appapplystate.html */ = {isa = PBXFileReference; fileEncoding = 4; lastKnownFileType = text.html; path = appapplystate.html; sourceTree = "<group>"; };
		DB6303E018F74ABB0056F188 /* InWanTravel.app */ = {isa = PBXFileReference; explicitFileType = wrapper.application; includeInIndex = 0; path = InWanTravel.app; sourceTree = BUILT_PRODUCTS_DIR; };
		DB6303E318F74ABB0056F188 /* Foundation.framework */ = {isa = PBXFileReference; lastKnownFileType = wrapper.framework; name = Foundation.framework; path = System/Library/Frameworks/Foundation.framework; sourceTree = SDKROOT; };
		DB6303E518F74ABB0056F188 /* CoreGraphics.framework */ = {isa = PBXFileReference; lastKnownFileType = wrapper.framework; name = CoreGraphics.framework; path = System/Library/Frameworks/CoreGraphics.framework; sourceTree = SDKROOT; };
		DB6303E718F74ABB0056F188 /* UIKit.framework */ = {isa = PBXFileReference; lastKnownFileType = wrapper.framework; name = UIKit.framework; path = System/Library/Frameworks/UIKit.framework; sourceTree = SDKROOT; };
		DB6303EB18F74ABB0056F188 /* InWanTravel-Info.plist */ = {isa = PBXFileReference; lastKnownFileType = text.plist.xml; path = "InWanTravel-Info.plist"; sourceTree = "<group>"; };
		DB6303ED18F74ABB0056F188 /* en */ = {isa = PBXFileReference; lastKnownFileType = text.plist.strings; name = en; path = en.lproj/InfoPlist.strings; sourceTree = "<group>"; };
		DB6303EF18F74ABB0056F188 /* main.m */ = {isa = PBXFileReference; lastKnownFileType = sourcecode.c.objc; path = main.m; sourceTree = "<group>"; };
		DB6303F118F74ABB0056F188 /* InWanTravel-Prefix.pch */ = {isa = PBXFileReference; lastKnownFileType = sourcecode.c.h; path = "InWanTravel-Prefix.pch"; sourceTree = "<group>"; };
		DB6303F218F74ABB0056F188 /* AppDelegate.h */ = {isa = PBXFileReference; lastKnownFileType = sourcecode.c.h; path = AppDelegate.h; sourceTree = "<group>"; };
		DB6303F318F74ABB0056F188 /* AppDelegate.m */ = {isa = PBXFileReference; lastKnownFileType = sourcecode.c.objc; path = AppDelegate.m; sourceTree = "<group>"; };
		DB6303F518F74ABB0056F188 /* Images.xcassets */ = {isa = PBXFileReference; lastKnownFileType = folder.assetcatalog; path = Images.xcassets; sourceTree = "<group>"; };
		DB6303FB18F74ABB0056F188 /* InWanTravelTests.xctest */ = {isa = PBXFileReference; explicitFileType = wrapper.cfbundle; includeInIndex = 0; path = InWanTravelTests.xctest; sourceTree = BUILT_PRODUCTS_DIR; };
		DB6303FC18F74ABB0056F188 /* XCTest.framework */ = {isa = PBXFileReference; lastKnownFileType = wrapper.framework; name = XCTest.framework; path = Library/Frameworks/XCTest.framework; sourceTree = DEVELOPER_DIR; };
		DB63040418F74ABB0056F188 /* InWanTravelTests-Info.plist */ = {isa = PBXFileReference; lastKnownFileType = text.plist.xml; path = "InWanTravelTests-Info.plist"; sourceTree = "<group>"; };
		DB63040618F74ABB0056F188 /* en */ = {isa = PBXFileReference; lastKnownFileType = text.plist.strings; name = en; path = en.lproj/InfoPlist.strings; sourceTree = "<group>"; };
		DB63040818F74ABB0056F188 /* InWanTravelTests.m */ = {isa = PBXFileReference; lastKnownFileType = sourcecode.c.objc; path = InWanTravelTests.m; sourceTree = "<group>"; };
		DB8237E218F75AEA00F6DD86 /* WebBrowserViewController.h */ = {isa = PBXFileReference; fileEncoding = 4; lastKnownFileType = sourcecode.c.h; path = WebBrowserViewController.h; sourceTree = "<group>"; };
		DB8237E318F75AEA00F6DD86 /* WebBrowserViewController.m */ = {isa = PBXFileReference; fileEncoding = 4; lastKnownFileType = sourcecode.c.objc; path = WebBrowserViewController.m; sourceTree = "<group>"; };
		DB8237E518F7628A00F6DD86 /* MainNavigationController.h */ = {isa = PBXFileReference; fileEncoding = 4; lastKnownFileType = sourcecode.c.h; path = MainNavigationController.h; sourceTree = "<group>"; };
		DB8237E618F7628A00F6DD86 /* MainNavigationController.m */ = {isa = PBXFileReference; fileEncoding = 4; lastKnownFileType = sourcecode.c.objc; path = MainNavigationController.m; sourceTree = "<group>"; };
		DBB89CA71920729D007A5623 /* CouponViewController.h */ = {isa = PBXFileReference; fileEncoding = 4; lastKnownFileType = sourcecode.c.h; path = CouponViewController.h; sourceTree = "<group>"; };
		DBB89CA81920729D007A5623 /* CouponViewController.m */ = {isa = PBXFileReference; fileEncoding = 4; lastKnownFileType = sourcecode.c.objc; path = CouponViewController.m; sourceTree = "<group>"; };
		DBB89DE1192089A5007A5623 /* 02-27721912_LK@2x.png */ = {isa = PBXFileReference; lastKnownFileType = image.png; path = "02-27721912_LK@2x.png"; sourceTree = "<group>"; };
		DBB89DE2192089A5007A5623 /* 04-23752465_LK@2x.png */ = {isa = PBXFileReference; lastKnownFileType = image.png; path = "04-23752465_LK@2x.png"; sourceTree = "<group>"; };
		DBB89DE3192089A5007A5623 /* MS14001_LK@2x.png */ = {isa = PBXFileReference; lastKnownFileType = image.png; path = "MS14001_LK@2x.png"; sourceTree = "<group>"; };
		DBB89DE4192089A5007A5623 /* MS14003LK@2x.png */ = {isa = PBXFileReference; lastKnownFileType = image.png; path = "MS14003LK@2x.png"; sourceTree = "<group>"; };
		DBB89DE5192089A5007A5623 /* MS14004_LK@2x.png */ = {isa = PBXFileReference; lastKnownFileType = image.png; path = "MS14004_LK@2x.png"; sourceTree = "<group>"; };
		DBB89DE6192089A5007A5623 /* MS14007_LK@2x.png */ = {isa = PBXFileReference; lastKnownFileType = image.png; path = "MS14007_LK@2x.png"; sourceTree = "<group>"; };
		DBB89DE7192089A5007A5623 /* MS14010_LK@2x.png */ = {isa = PBXFileReference; lastKnownFileType = image.png; path = "MS14010_LK@2x.png"; sourceTree = "<group>"; };
		DBB89DE8192089A5007A5623 /* MS14016_LK@2x.png */ = {isa = PBXFileReference; lastKnownFileType = image.png; path = "MS14016_LK@2x.png"; sourceTree = "<group>"; };
		DBB89DE9192089A5007A5623 /* MS14017_LK@2x.png */ = {isa = PBXFileReference; lastKnownFileType = image.png; path = "MS14017_LK@2x.png"; sourceTree = "<group>"; };
		DBB89DEA192089A5007A5623 /* MS14022_LK@2x.png */ = {isa = PBXFileReference; lastKnownFileType = image.png; path = "MS14022_LK@2x.png"; sourceTree = "<group>"; };
		DBB89DEB192089A5007A5623 /* MS14024_LK@2x.png */ = {isa = PBXFileReference; lastKnownFileType = image.png; path = "MS14024_LK@2x.png"; sourceTree = "<group>"; };
		DBB89DEC192089A5007A5623 /* MS14027_LK@2x.png */ = {isa = PBXFileReference; lastKnownFileType = image.png; path = "MS14027_LK@2x.png"; sourceTree = "<group>"; };
		DBB89DED192089A5007A5623 /* MS14028_LK@2x.png */ = {isa = PBXFileReference; lastKnownFileType = image.png; path = "MS14028_LK@2x.png"; sourceTree = "<group>"; };
		DBB89DEE192089A5007A5623 /* MS14029_LK@2x.png */ = {isa = PBXFileReference; lastKnownFileType = image.png; path = "MS14029_LK@2x.png"; sourceTree = "<group>"; };
		DBB89DEF192089A5007A5623 /* MS14034_LK@2x.png */ = {isa = PBXFileReference; lastKnownFileType = image.png; path = "MS14034_LK@2x.png"; sourceTree = "<group>"; };
		DBB89DF0192089A5007A5623 /* MS14035_LK@2x.png */ = {isa = PBXFileReference; lastKnownFileType = image.png; path = "MS14035_LK@2x.png"; sourceTree = "<group>"; };
		DBB89DF1192089A5007A5623 /* MS14037_LK@2x.png */ = {isa = PBXFileReference; lastKnownFileType = image.png; path = "MS14037_LK@2x.png"; sourceTree = "<group>"; };
		DBB89DF2192089A5007A5623 /* MS14038_LK@2x.png */ = {isa = PBXFileReference; lastKnownFileType = image.png; path = "MS14038_LK@2x.png"; sourceTree = "<group>"; };
		DBB89DF3192089A5007A5623 /* MS14040_LK@2x.png */ = {isa = PBXFileReference; lastKnownFileType = image.png; path = "MS14040_LK@2x.png"; sourceTree = "<group>"; };
		DBB89DF4192089A5007A5623 /* MS14044_LK@2x.png */ = {isa = PBXFileReference; lastKnownFileType = image.png; path = "MS14044_LK@2x.png"; sourceTree = "<group>"; };
		DBB89DF5192089A5007A5623 /* MS14050_LK@2x.png */ = {isa = PBXFileReference; lastKnownFileType = image.png; path = "MS14050_LK@2x.png"; sourceTree = "<group>"; };
		DBB89DF6192089A5007A5623 /* MS14056_LK@2x.png */ = {isa = PBXFileReference; lastKnownFileType = image.png; path = "MS14056_LK@2x.png"; sourceTree = "<group>"; };
		DBB89DF7192089A5007A5623 /* MS14057_LK@2x.png */ = {isa = PBXFileReference; lastKnownFileType = image.png; path = "MS14057_LK@2x.png"; sourceTree = "<group>"; };
		DBB89DF8192089A5007A5623 /* MS14063_LK@2x.png */ = {isa = PBXFileReference; lastKnownFileType = image.png; path = "MS14063_LK@2x.png"; sourceTree = "<group>"; };
		DBB89DF9192089A5007A5623 /* MS14066_LK@2x.png */ = {isa = PBXFileReference; lastKnownFileType = image.png; path = "MS14066_LK@2x.png"; sourceTree = "<group>"; };
		DBB89DFA192089A5007A5623 /* MS14072_LK@2x.png */ = {isa = PBXFileReference; lastKnownFileType = image.png; path = "MS14072_LK@2x.png"; sourceTree = "<group>"; };
		DBB89DFC192089A5007A5623 /* LKM1307@2x.png */ = {isa = PBXFileReference; lastKnownFileType = image.png; path = "LKM1307@2x.png"; sourceTree = "<group>"; };
		DBB89DFD192089A5007A5623 /* LKM1308@2x.png */ = {isa = PBXFileReference; lastKnownFileType = image.png; path = "LKM1308@2x.png"; sourceTree = "<group>"; };
		DBB89DFE192089A5007A5623 /* LKM1310@2x.png */ = {isa = PBXFileReference; lastKnownFileType = image.png; path = "LKM1310@2x.png"; sourceTree = "<group>"; };
		DBB89DFF192089A5007A5623 /* LKM1314@2x.png */ = {isa = PBXFileReference; lastKnownFileType = image.png; path = "LKM1314@2x.png"; sourceTree = "<group>"; };
		DBB89E00192089A5007A5623 /* LKM1315@2x.png */ = {isa = PBXFileReference; lastKnownFileType = image.png; path = "LKM1315@2x.png"; sourceTree = "<group>"; };
		DBB89E01192089A5007A5623 /* LKM1316@2x.png */ = {isa = PBXFileReference; lastKnownFileType = image.png; path = "LKM1316@2x.png"; sourceTree = "<group>"; };
		DBB89E02192089A5007A5623 /* LKM1319@2x.png */ = {isa = PBXFileReference; lastKnownFileType = image.png; path = "LKM1319@2x.png"; sourceTree = "<group>"; };
		DBB89E03192089A5007A5623 /* LKM1320@2x.png */ = {isa = PBXFileReference; lastKnownFileType = image.png; path = "LKM1320@2x.png"; sourceTree = "<group>"; };
		DBB89E04192089A5007A5623 /* LKM1322@2x.png */ = {isa = PBXFileReference; lastKnownFileType = image.png; path = "LKM1322@2x.png"; sourceTree = "<group>"; };
		DBB89E05192089A5007A5623 /* LKM1323@2x.png */ = {isa = PBXFileReference; lastKnownFileType = image.png; path = "LKM1323@2x.png"; sourceTree = "<group>"; };
		DBB89E06192089A5007A5623 /* LKM1324@2x.png */ = {isa = PBXFileReference; lastKnownFileType = image.png; path = "LKM1324@2x.png"; sourceTree = "<group>"; };
		DBB89E07192089A5007A5623 /* LKM1325@2x.png */ = {isa = PBXFileReference; lastKnownFileType = image.png; path = "LKM1325@2x.png"; sourceTree = "<group>"; };
		DBB89E08192089A5007A5623 /* LKM1331@2x.png */ = {isa = PBXFileReference; lastKnownFileType = image.png; path = "LKM1331@2x.png"; sourceTree = "<group>"; };
		DBB89E09192089A5007A5623 /* LKM1336@2x.png */ = {isa = PBXFileReference; lastKnownFileType = image.png; path = "LKM1336@2x.png"; sourceTree = "<group>"; };
		DBB89E0A192089A5007A5623 /* LKM1338@2x.png */ = {isa = PBXFileReference; lastKnownFileType = image.png; path = "LKM1338@2x.png"; sourceTree = "<group>"; };
		DBB89E0B192089A5007A5623 /* LKM1340@2x.png */ = {isa = PBXFileReference; lastKnownFileType = image.png; path = "LKM1340@2x.png"; sourceTree = "<group>"; };
		DBB89E0C192089A5007A5623 /* LKM1401@2x.png */ = {isa = PBXFileReference; lastKnownFileType = image.png; path = "LKM1401@2x.png"; sourceTree = "<group>"; };
		DBB89E0D192089A5007A5623 /* LKM1402@2x.png */ = {isa = PBXFileReference; lastKnownFileType = image.png; path = "LKM1402@2x.png"; sourceTree = "<group>"; };
		DBB89E0E192089A5007A5623 /* LKM1405@2x.png */ = {isa = PBXFileReference; lastKnownFileType = image.png; path = "LKM1405@2x.png"; sourceTree = "<group>"; };
		DBB89E0F192089A5007A5623 /* LKM1406@2x.png */ = {isa = PBXFileReference; lastKnownFileType = image.png; path = "LKM1406@2x.png"; sourceTree = "<group>"; };
		DBB89E10192089A5007A5623 /* LKM1407@2x.png */ = {isa = PBXFileReference; lastKnownFileType = image.png; path = "LKM1407@2x.png"; sourceTree = "<group>"; };
		DBB89E11192089A5007A5623 /* LKM1411@2x.png */ = {isa = PBXFileReference; lastKnownFileType = image.png; path = "LKM1411@2x.png"; sourceTree = "<group>"; };
		DBB89E12192089A5007A5623 /* LKM1412@2x.png */ = {isa = PBXFileReference; lastKnownFileType = image.png; path = "LKM1412@2x.png"; sourceTree = "<group>"; };
		DBB89E13192089A5007A5623 /* LKM1418@2x.png */ = {isa = PBXFileReference; lastKnownFileType = image.png; path = "LKM1418@2x.png"; sourceTree = "<group>"; };
		DBB89E461920BAF9007A5623 /* RootNavigationController.h */ = {isa = PBXFileReference; fileEncoding = 4; lastKnownFileType = sourcecode.c.h; path = RootNavigationController.h; sourceTree = "<group>"; };
		DBB89E471920BAF9007A5623 /* RootNavigationController.m */ = {isa = PBXFileReference; fileEncoding = 4; lastKnownFileType = sourcecode.c.objc; path = RootNavigationController.m; sourceTree = "<group>"; };
		DBB89E4E19217F80007A5623 /* CouponData.h */ = {isa = PBXFileReference; fileEncoding = 4; lastKnownFileType = sourcecode.c.h; path = CouponData.h; sourceTree = "<group>"; };
		DBB89E4F19217F80007A5623 /* CouponData.m */ = {isa = PBXFileReference; fileEncoding = 4; lastKnownFileType = sourcecode.c.objc; path = CouponData.m; sourceTree = "<group>"; };
/* End PBXFileReference section */

/* Begin PBXFrameworksBuildPhase section */
		DB6303DD18F74ABB0056F188 /* Frameworks */ = {
			isa = PBXFrameworksBuildPhase;
			buildActionMask = 2147483647;
			files = (
				DB6303E618F74ABB0056F188 /* CoreGraphics.framework in Frameworks */,
				DB6303E818F74ABB0056F188 /* UIKit.framework in Frameworks */,
				DB6303E418F74ABB0056F188 /* Foundation.framework in Frameworks */,
			);
			runOnlyForDeploymentPostprocessing = 0;
		};
		DB6303F818F74ABB0056F188 /* Frameworks */ = {
			isa = PBXFrameworksBuildPhase;
			buildActionMask = 2147483647;
			files = (
				DB6303FD18F74ABB0056F188 /* XCTest.framework in Frameworks */,
				DB6303FF18F74ABB0056F188 /* UIKit.framework in Frameworks */,
				DB6303FE18F74ABB0056F188 /* Foundation.framework in Frameworks */,
			);
			runOnlyForDeploymentPostprocessing = 0;
		};
/* End PBXFrameworksBuildPhase section */

/* Begin PBXGroup section */
		DB25C29819329EC600F77C95 /* button */ = {
			isa = PBXGroup;
			children = (
				DB25C29919329EC600F77C95 /* airportCar.png */,
				DB25C29A19329EC600F77C95 /* coupon.png */,
			);
			path = button;
			sourceTree = "<group>";
		};
		DB6303D718F74ABB0056F188 = {
			isa = PBXGroup;
			children = (
				DB6303E918F74ABB0056F188 /* InWanTravel */,
				DB63040218F74ABB0056F188 /* InWanTravelTests */,
				DB6303E218F74ABB0056F188 /* Frameworks */,
				DB6303E118F74ABB0056F188 /* Products */,
			);
			sourceTree = "<group>";
		};
		DB6303E118F74ABB0056F188 /* Products */ = {
			isa = PBXGroup;
			children = (
				DB6303E018F74ABB0056F188 /* InWanTravel.app */,
				DB6303FB18F74ABB0056F188 /* InWanTravelTests.xctest */,
			);
			name = Products;
			sourceTree = "<group>";
		};
		DB6303E218F74ABB0056F188 /* Frameworks */ = {
			isa = PBXGroup;
			children = (
				DB6303E318F74ABB0056F188 /* Foundation.framework */,
				DB6303E518F74ABB0056F188 /* CoreGraphics.framework */,
				DB6303E718F74ABB0056F188 /* UIKit.framework */,
				DB6303FC18F74ABB0056F188 /* XCTest.framework */,
			);
			name = Frameworks;
			sourceTree = "<group>";
		};
		DB6303E918F74ABB0056F188 /* InWanTravel */ = {
			isa = PBXGroup;
			children = (
				DBB89E4D19217F6B007A5623 /* data */,
				DBB89E4919217A8C007A5623 /* helper */,
				DBB89E461920BAF9007A5623 /* RootNavigationController.h */,
				DBB89E471920BAF9007A5623 /* RootNavigationController.m */,
				DBB89DDF192089A5007A5623 /* images */,
				DB8237E118F75AEA00F6DD86 /* ViewController */,
				DB6303F218F74ABB0056F188 /* AppDelegate.h */,
				DB6303F318F74ABB0056F188 /* AppDelegate.m */,
				DB6303F518F74ABB0056F188 /* Images.xcassets */,
				DB6303EA18F74ABB0056F188 /* Supporting Files */,
			);
			path = InWanTravel;
			sourceTree = "<group>";
		};
		DB6303EA18F74ABB0056F188 /* Supporting Files */ = {
			isa = PBXGroup;
			children = (
				DB6303EB18F74ABB0056F188 /* InWanTravel-Info.plist */,
				DB6303EC18F74ABB0056F188 /* InfoPlist.strings */,
				DB6303EF18F74ABB0056F188 /* main.m */,
				DB6303F118F74ABB0056F188 /* InWanTravel-Prefix.pch */,
			);
			name = "Supporting Files";
			sourceTree = "<group>";
		};
		DB63040218F74ABB0056F188 /* InWanTravelTests */ = {
			isa = PBXGroup;
			children = (
				DB63040818F74ABB0056F188 /* InWanTravelTests.m */,
				DB63040318F74ABB0056F188 /* Supporting Files */,
			);
			path = InWanTravelTests;
			sourceTree = "<group>";
		};
		DB63040318F74ABB0056F188 /* Supporting Files */ = {
			isa = PBXGroup;
			children = (
				DB63040418F74ABB0056F188 /* InWanTravelTests-Info.plist */,
				DB63040518F74ABB0056F188 /* InfoPlist.strings */,
			);
			name = "Supporting Files";
			sourceTree = "<group>";
		};
		DB8237E118F75AEA00F6DD86 /* ViewController */ = {
			isa = PBXGroup;
			children = (
				DB8237E218F75AEA00F6DD86 /* WebBrowserViewController.h */,
				DB8237E318F75AEA00F6DD86 /* WebBrowserViewController.m */,
				DB8237E518F7628A00F6DD86 /* MainNavigationController.h */,
				DB8237E618F7628A00F6DD86 /* MainNavigationController.m */,
				DBB89CA71920729D007A5623 /* CouponViewController.h */,
				DBB89CA81920729D007A5623 /* CouponViewController.m */,
				DB25C29519329B9900F77C95 /* HomeViewController.h */,
				DB25C29619329B9900F77C95 /* HomeViewController.m */,
			);
			path = ViewController;
			sourceTree = "<group>";
		};
		DBB89DDF192089A5007A5623 /* images */ = {
			isa = PBXGroup;
			children = (
				DB25C29819329EC600F77C95 /* button */,
				DBB89DE0192089A5007A5623 /* couponHorizon */,
				DBB89DFB192089A5007A5623 /* couponVertical */,
			);
			path = images;
			sourceTree = "<group>";
		};
		DBB89DE0192089A5007A5623 /* couponHorizon */ = {
			isa = PBXGroup;
			children = (
				DBB89DE1192089A5007A5623 /* 02-27721912_LK@2x.png */,
				DBB89DE2192089A5007A5623 /* 04-23752465_LK@2x.png */,
				DBB89DE3192089A5007A5623 /* MS14001_LK@2x.png */,
				DBB89DE4192089A5007A5623 /* MS14003LK@2x.png */,
				DBB89DE5192089A5007A5623 /* MS14004_LK@2x.png */,
				DBB89DE6192089A5007A5623 /* MS14007_LK@2x.png */,
				DBB89DE7192089A5007A5623 /* MS14010_LK@2x.png */,
				DBB89DE8192089A5007A5623 /* MS14016_LK@2x.png */,
				DBB89DE9192089A5007A5623 /* MS14017_LK@2x.png */,
				DBB89DEA192089A5007A5623 /* MS14022_LK@2x.png */,
				DBB89DEB192089A5007A5623 /* MS14024_LK@2x.png */,
				DBB89DEC192089A5007A5623 /* MS14027_LK@2x.png */,
				DBB89DED192089A5007A5623 /* MS14028_LK@2x.png */,
				DBB89DEE192089A5007A5623 /* MS14029_LK@2x.png */,
				DBB89DEF192089A5007A5623 /* MS14034_LK@2x.png */,
				DBB89DF0192089A5007A5623 /* MS14035_LK@2x.png */,
				DBB89DF1192089A5007A5623 /* MS14037_LK@2x.png */,
				DBB89DF2192089A5007A5623 /* MS14038_LK@2x.png */,
				DBB89DF3192089A5007A5623 /* MS14040_LK@2x.png */,
				DBB89DF4192089A5007A5623 /* MS14044_LK@2x.png */,
				DBB89DF5192089A5007A5623 /* MS14050_LK@2x.png */,
				DBB89DF6192089A5007A5623 /* MS14056_LK@2x.png */,
				DBB89DF7192089A5007A5623 /* MS14057_LK@2x.png */,
				DBB89DF8192089A5007A5623 /* MS14063_LK@2x.png */,
				DBB89DF9192089A5007A5623 /* MS14066_LK@2x.png */,
				DBB89DFA192089A5007A5623 /* MS14072_LK@2x.png */,
			);
			path = couponHorizon;
			sourceTree = "<group>";
		};
		DBB89DFB192089A5007A5623 /* couponVertical */ = {
			isa = PBXGroup;
			children = (
				DBB89DFC192089A5007A5623 /* LKM1307@2x.png */,
				DBB89DFD192089A5007A5623 /* LKM1308@2x.png */,
				DBB89DFE192089A5007A5623 /* LKM1310@2x.png */,
				DBB89DFF192089A5007A5623 /* LKM1314@2x.png */,
				DBB89E00192089A5007A5623 /* LKM1315@2x.png */,
				DBB89E01192089A5007A5623 /* LKM1316@2x.png */,
				DBB89E02192089A5007A5623 /* LKM1319@2x.png */,
				DBB89E03192089A5007A5623 /* LKM1320@2x.png */,
				DBB89E04192089A5007A5623 /* LKM1322@2x.png */,
				DBB89E05192089A5007A5623 /* LKM1323@2x.png */,
				DBB89E06192089A5007A5623 /* LKM1324@2x.png */,
				DBB89E07192089A5007A5623 /* LKM1325@2x.png */,
				DBB89E08192089A5007A5623 /* LKM1331@2x.png */,
				DBB89E09192089A5007A5623 /* LKM1336@2x.png */,
				DBB89E0A192089A5007A5623 /* LKM1338@2x.png */,
				DBB89E0B192089A5007A5623 /* LKM1340@2x.png */,
				DBB89E0C192089A5007A5623 /* LKM1401@2x.png */,
				DBB89E0D192089A5007A5623 /* LKM1402@2x.png */,
				DBB89E0E192089A5007A5623 /* LKM1405@2x.png */,
				DBB89E0F192089A5007A5623 /* LKM1406@2x.png */,
				DBB89E10192089A5007A5623 /* LKM1407@2x.png */,
				DBB89E11192089A5007A5623 /* LKM1411@2x.png */,
				DBB89E12192089A5007A5623 /* LKM1412@2x.png */,
				DBB89E13192089A5007A5623 /* LKM1418@2x.png */,
			);
			path = couponVertical;
			sourceTree = "<group>";
		};
		DBB89E4919217A8C007A5623 /* helper */ = {
			isa = PBXGroup;
			children = (
			);
			path = helper;
			sourceTree = "<group>";
		};
		DBB89E4D19217F6B007A5623 /* data */ = {
			isa = PBXGroup;
			children = (
				DB29CF8C1921F6F1000EAB57 /* appapplystate.html */,
				DBB89E4E19217F80007A5623 /* CouponData.h */,
				DBB89E4F19217F80007A5623 /* CouponData.m */,
			);
			path = data;
			sourceTree = "<group>";
		};
/* End PBXGroup section */

/* Begin PBXNativeTarget section */
		DB6303DF18F74ABB0056F188 /* InWanTravel */ = {
			isa = PBXNativeTarget;
			buildConfigurationList = DB63040C18F74ABB0056F188 /* Build configuration list for PBXNativeTarget "InWanTravel" */;
			buildPhases = (
				DB6303DC18F74ABB0056F188 /* Sources */,
				DB6303DD18F74ABB0056F188 /* Frameworks */,
				DB6303DE18F74ABB0056F188 /* Resources */,
			);
			buildRules = (
			);
			dependencies = (
			);
			name = InWanTravel;
			productName = InWanTravel;
			productReference = DB6303E018F74ABB0056F188 /* InWanTravel.app */;
			productType = "com.apple.product-type.application";
		};
		DB6303FA18F74ABB0056F188 /* InWanTravelTests */ = {
			isa = PBXNativeTarget;
			buildConfigurationList = DB63040F18F74ABB0056F188 /* Build configuration list for PBXNativeTarget "InWanTravelTests" */;
			buildPhases = (
				DB6303F718F74ABB0056F188 /* Sources */,
				DB6303F818F74ABB0056F188 /* Frameworks */,
				DB6303F918F74ABB0056F188 /* Resources */,
			);
			buildRules = (
			);
			dependencies = (
				DB63040118F74ABB0056F188 /* PBXTargetDependency */,
			);
			name = InWanTravelTests;
			productName = InWanTravelTests;
			productReference = DB6303FB18F74ABB0056F188 /* InWanTravelTests.xctest */;
			productType = "com.apple.product-type.bundle.unit-test";
		};
/* End PBXNativeTarget section */

/* Begin PBXProject section */
		DB6303D818F74ABB0056F188 /* Project object */ = {
			isa = PBXProject;
			attributes = {
				LastUpgradeCheck = 0500;
				ORGANIZATIONNAME = InWanTech;
				TargetAttributes = {
					DB6303DF18F74ABB0056F188 = {
						DevelopmentTeam = XVC6EH7V2M;
					};
					DB6303FA18F74ABB0056F188 = {
						TestTargetID = DB6303DF18F74ABB0056F188;
					};
				};
			};
			buildConfigurationList = DB6303DB18F74ABB0056F188 /* Build configuration list for PBXProject "InWanTravel" */;
			compatibilityVersion = "Xcode 3.2";
			developmentRegion = English;
			hasScannedForEncodings = 0;
			knownRegions = (
				en,
			);
			mainGroup = DB6303D718F74ABB0056F188;
			productRefGroup = DB6303E118F74ABB0056F188 /* Products */;
			projectDirPath = "";
			projectRoot = "";
			targets = (
				DB6303DF18F74ABB0056F188 /* InWanTravel */,
				DB6303FA18F74ABB0056F188 /* InWanTravelTests */,
			);
		};
/* End PBXProject section */

/* Begin PBXResourcesBuildPhase section */
		DB6303DE18F74ABB0056F188 /* Resources */ = {
			isa = PBXResourcesBuildPhase;
			buildActionMask = 2147483647;
			files = (
				DBB89E33192089A5007A5623 /* LKM1316@2x.png in Resources */,
				DB29CF8D1921F6F1000EAB57 /* appapplystate.html in Resources */,
				DBB89E35192089A5007A5623 /* LKM1320@2x.png in Resources */,
				DBB89E2E192089A5007A5623 /* LKM1307@2x.png in Resources */,
				DBB89E1B192089A5007A5623 /* MS14016_LK@2x.png in Resources */,
				DBB89E23192089A5007A5623 /* MS14035_LK@2x.png in Resources */,
				DBB89E2F192089A5007A5623 /* LKM1308@2x.png in Resources */,
				DBB89E2B192089A5007A5623 /* MS14063_LK@2x.png in Resources */,
				DBB89E19192089A5007A5623 /* MS14007_LK@2x.png in Resources */,
				DBB89E27192089A5007A5623 /* MS14044_LK@2x.png in Resources */,
				DBB89E36192089A5007A5623 /* LKM1322@2x.png in Resources */,
				DBB89E26192089A5007A5623 /* MS14040_LK@2x.png in Resources */,
				DBB89E2D192089A5007A5623 /* MS14072_LK@2x.png in Resources */,
				DBB89E3B192089A5007A5623 /* LKM1336@2x.png in Resources */,
				DB25C29C19329EC600F77C95 /* coupon.png in Resources */,
				DB6303EE18F74ABB0056F188 /* InfoPlist.strings in Resources */,
				DBB89E25192089A5007A5623 /* MS14038_LK@2x.png in Resources */,
				DBB89E1A192089A5007A5623 /* MS14010_LK@2x.png in Resources */,
				DBB89E44192089A5007A5623 /* LKM1412@2x.png in Resources */,
				DBB89E43192089A5007A5623 /* LKM1411@2x.png in Resources */,
				DBB89E21192089A5007A5623 /* MS14029_LK@2x.png in Resources */,
				DBB89E37192089A5007A5623 /* LKM1323@2x.png in Resources */,
				DBB89E1C192089A5007A5623 /* MS14017_LK@2x.png in Resources */,
				DBB89E39192089A5007A5623 /* LKM1325@2x.png in Resources */,
				DBB89E42192089A5007A5623 /* LKM1407@2x.png in Resources */,
				DBB89E38192089A5007A5623 /* LKM1324@2x.png in Resources */,
				DBB89E24192089A5007A5623 /* MS14037_LK@2x.png in Resources */,
				DBB89E1D192089A5007A5623 /* MS14022_LK@2x.png in Resources */,
				DBB89E3C192089A5007A5623 /* LKM1338@2x.png in Resources */,
				DBB89E40192089A5007A5623 /* LKM1405@2x.png in Resources */,
				DBB89E14192089A5007A5623 /* 02-27721912_LK@2x.png in Resources */,
				DBB89E18192089A5007A5623 /* MS14004_LK@2x.png in Resources */,
				DBB89E2C192089A5007A5623 /* MS14066_LK@2x.png in Resources */,
				DBB89E30192089A5007A5623 /* LKM1310@2x.png in Resources */,
				DBB89E28192089A5007A5623 /* MS14050_LK@2x.png in Resources */,
				DBB89E1F192089A5007A5623 /* MS14027_LK@2x.png in Resources */,
				DBB89E20192089A5007A5623 /* MS14028_LK@2x.png in Resources */,
				DBB89E17192089A5007A5623 /* MS14003LK@2x.png in Resources */,
				DBB89E3E192089A5007A5623 /* LKM1401@2x.png in Resources */,
				DBB89E45192089A5007A5623 /* LKM1418@2x.png in Resources */,
				DBB89E31192089A5007A5623 /* LKM1314@2x.png in Resources */,
				DBB89E3A192089A5007A5623 /* LKM1331@2x.png in Resources */,
				DBB89E16192089A5007A5623 /* MS14001_LK@2x.png in Resources */,
				DB25C29B19329EC600F77C95 /* airportCar.png in Resources */,
				DBB89E3F192089A5007A5623 /* LKM1402@2x.png in Resources */,
				DBB89E22192089A5007A5623 /* MS14034_LK@2x.png in Resources */,
				DBB89E32192089A5007A5623 /* LKM1315@2x.png in Resources */,
				DBB89E29192089A5007A5623 /* MS14056_LK@2x.png in Resources */,
				DBB89E34192089A5007A5623 /* LKM1319@2x.png in Resources */,
				DBB89E41192089A5007A5623 /* LKM1406@2x.png in Resources */,
				DBB89E3D192089A5007A5623 /* LKM1340@2x.png in Resources */,
				DBB89E1E192089A5007A5623 /* MS14024_LK@2x.png in Resources */,
				DB6303F618F74ABB0056F188 /* Images.xcassets in Resources */,
				DBB89E2A192089A5007A5623 /* MS14057_LK@2x.png in Resources */,
				DBB89E15192089A5007A5623 /* 04-23752465_LK@2x.png in Resources */,
			);
			runOnlyForDeploymentPostprocessing = 0;
		};
		DB6303F918F74ABB0056F188 /* Resources */ = {
			isa = PBXResourcesBuildPhase;
			buildActionMask = 2147483647;
			files = (
				DB63040718F74ABB0056F188 /* InfoPlist.strings in Resources */,
			);
			runOnlyForDeploymentPostprocessing = 0;
		};
/* End PBXResourcesBuildPhase section */

/* Begin PBXSourcesBuildPhase section */
		DB6303DC18F74ABB0056F188 /* Sources */ = {
			isa = PBXSourcesBuildPhase;
			buildActionMask = 2147483647;
			files = (
				DBB89E5019217F80007A5623 /* CouponData.m in Sources */,
				DB6303F418F74ABB0056F188 /* AppDelegate.m in Sources */,
				DBB89E481920BAF9007A5623 /* RootNavigationController.m in Sources */,
				DBB89CA91920729D007A5623 /* CouponViewController.m in Sources */,
				DB8237E418F75AEA00F6DD86 /* WebBrowserViewController.m in Sources */,
				DB8237E718F7628A00F6DD86 /* MainNavigationController.m in Sources */,
				DB6303F018F74ABB0056F188 /* main.m in Sources */,
				DB25C29719329B9900F77C95 /* HomeViewController.m in Sources */,
			);
			runOnlyForDeploymentPostprocessing = 0;
		};
		DB6303F718F74ABB0056F188 /* Sources */ = {
			isa = PBXSourcesBuildPhase;
			buildActionMask = 2147483647;
			files = (
				DB63040918F74ABB0056F188 /* InWanTravelTests.m in Sources */,
			);
			runOnlyForDeploymentPostprocessing = 0;
		};
/* End PBXSourcesBuildPhase section */

/* Begin PBXTargetDependency section */
		DB63040118F74ABB0056F188 /* PBXTargetDependency */ = {
			isa = PBXTargetDependency;
			target = DB6303DF18F74ABB0056F188 /* InWanTravel */;
			targetProxy = DB63040018F74ABB0056F188 /* PBXContainerItemProxy */;
		};
/* End PBXTargetDependency section */

/* Begin PBXVariantGroup section */
		DB6303EC18F74ABB0056F188 /* InfoPlist.strings */ = {
			isa = PBXVariantGroup;
			children = (
				DB6303ED18F74ABB0056F188 /* en */,
			);
			name = InfoPlist.strings;
			sourceTree = "<group>";
		};
		DB63040518F74ABB0056F188 /* InfoPlist.strings */ = {
			isa = PBXVariantGroup;
			children = (
				DB63040618F74ABB0056F188 /* en */,
			);
			name = InfoPlist.strings;
			sourceTree = "<group>";
		};
/* End PBXVariantGroup section */

/* Begin XCBuildConfiguration section */
		DB63040A18F74ABB0056F188 /* Debug */ = {
			isa = XCBuildConfiguration;
			buildSettings = {
				ALWAYS_SEARCH_USER_PATHS = NO;
				ARCHS = "$(ARCHS_STANDARD_INCLUDING_64_BIT)";
				CLANG_CXX_LANGUAGE_STANDARD = "gnu++0x";
				CLANG_CXX_LIBRARY = "libc++";
				CLANG_ENABLE_MODULES = YES;
				CLANG_ENABLE_OBJC_ARC = YES;
				CLANG_WARN_BOOL_CONVERSION = YES;
				CLANG_WARN_CONSTANT_CONVERSION = YES;
				CLANG_WARN_DIRECT_OBJC_ISA_USAGE = YES_ERROR;
				CLANG_WARN_EMPTY_BODY = YES;
				CLANG_WARN_ENUM_CONVERSION = YES;
				CLANG_WARN_INT_CONVERSION = YES;
				CLANG_WARN_OBJC_ROOT_CLASS = YES_ERROR;
				CLANG_WARN__DUPLICATE_METHOD_MATCH = YES;
				"CODE_SIGN_IDENTITY[sdk=iphoneos*]" = "iPhone Developer";
				COPY_PHASE_STRIP = NO;
				GCC_C_LANGUAGE_STANDARD = gnu99;
				GCC_DYNAMIC_NO_PIC = NO;
				GCC_OPTIMIZATION_LEVEL = 0;
				GCC_PREPROCESSOR_DEFINITIONS = (
					"DEBUG=1",
					"$(inherited)",
				);
				GCC_SYMBOLS_PRIVATE_EXTERN = NO;
				GCC_WARN_64_TO_32_BIT_CONVERSION = YES;
				GCC_WARN_ABOUT_RETURN_TYPE = YES_ERROR;
				GCC_WARN_UNDECLARED_SELECTOR = YES;
				GCC_WARN_UNINITIALIZED_AUTOS = YES;
				GCC_WARN_UNUSED_FUNCTION = YES;
				GCC_WARN_UNUSED_VARIABLE = YES;
				IPHONEOS_DEPLOYMENT_TARGET = 7.0;
				ONLY_ACTIVE_ARCH = YES;
				SDKROOT = iphoneos;
			};
			name = Debug;
		};
		DB63040B18F74ABB0056F188 /* Release */ = {
			isa = XCBuildConfiguration;
			buildSettings = {
				ALWAYS_SEARCH_USER_PATHS = NO;
				ARCHS = "$(ARCHS_STANDARD_INCLUDING_64_BIT)";
				CLANG_CXX_LANGUAGE_STANDARD = "gnu++0x";
				CLANG_CXX_LIBRARY = "libc++";
				CLANG_ENABLE_MODULES = YES;
				CLANG_ENABLE_OBJC_ARC = YES;
				CLANG_WARN_BOOL_CONVERSION = YES;
				CLANG_WARN_CONSTANT_CONVERSION = YES;
				CLANG_WARN_DIRECT_OBJC_ISA_USAGE = YES_ERROR;
				CLANG_WARN_EMPTY_BODY = YES;
				CLANG_WARN_ENUM_CONVERSION = YES;
				CLANG_WARN_INT_CONVERSION = YES;
				CLANG_WARN_OBJC_ROOT_CLASS = YES_ERROR;
				CLANG_WARN__DUPLICATE_METHOD_MATCH = YES;
				"CODE_SIGN_IDENTITY[sdk=iphoneos*]" = "iPhone Developer";
				COPY_PHASE_STRIP = YES;
				ENABLE_NS_ASSERTIONS = NO;
				GCC_C_LANGUAGE_STANDARD = gnu99;
				GCC_WARN_64_TO_32_BIT_CONVERSION = YES;
				GCC_WARN_ABOUT_RETURN_TYPE = YES_ERROR;
				GCC_WARN_UNDECLARED_SELECTOR = YES;
				GCC_WARN_UNINITIALIZED_AUTOS = YES;
				GCC_WARN_UNUSED_FUNCTION = YES;
				GCC_WARN_UNUSED_VARIABLE = YES;
				IPHONEOS_DEPLOYMENT_TARGET = 7.0;
				SDKROOT = iphoneos;
				VALIDATE_PRODUCT = YES;
			};
			name = Release;
		};
		DB63040D18F74ABB0056F188 /* Debug */ = {
			isa = XCBuildConfiguration;
			buildSettings = {
				ASSETCATALOG_COMPILER_APPICON_NAME = AppIcon;
				ASSETCATALOG_COMPILER_LAUNCHIMAGE_NAME = LaunchImage;
				CODE_SIGN_IDENTITY = "iPhone Developer";
				"CODE_SIGN_IDENTITY[sdk=iphoneos*]" = "iPhone Developer";
				GCC_PRECOMPILE_PREFIX_HEADER = YES;
				GCC_PREFIX_HEADER = "InWanTravel/InWanTravel-Prefix.pch";
				INFOPLIST_FILE = "InWanTravel/InWanTravel-Info.plist";
				IPHONEOS_DEPLOYMENT_TARGET = 6.0;
				PRODUCT_NAME = "$(TARGET_NAME)";
				PROVISIONING_PROFILE = "";
				WRAPPER_EXTENSION = app;
			};
			name = Debug;
		};
		DB63040E18F74ABB0056F188 /* Release */ = {
			isa = XCBuildConfiguration;
			buildSettings = {
				ASSETCATALOG_COMPILER_APPICON_NAME = AppIcon;
				ASSETCATALOG_COMPILER_LAUNCHIMAGE_NAME = LaunchImage;
				CODE_SIGN_IDENTITY = "iPhone Developer";
				"CODE_SIGN_IDENTITY[sdk=iphoneos*]" = "iPhone Developer";
				GCC_PRECOMPILE_PREFIX_HEADER = YES;
				GCC_PREFIX_HEADER = "InWanTravel/InWanTravel-Prefix.pch";
				INFOPLIST_FILE = "InWanTravel/InWanTravel-Info.plist";
				IPHONEOS_DEPLOYMENT_TARGET = 6.0;
				PRODUCT_NAME = "$(TARGET_NAME)";
				PROVISIONING_PROFILE = "";
				WRAPPER_EXTENSION = app;
			};
			name = Release;
		};
		DB63041018F74ABB0056F188 /* Debug */ = {
			isa = XCBuildConfiguration;
			buildSettings = {
				ARCHS = "$(ARCHS_STANDARD_INCLUDING_64_BIT)";
				BUNDLE_LOADER = "$(BUILT_PRODUCTS_DIR)/InWanTravel.app/InWanTravel";
				FRAMEWORK_SEARCH_PATHS = (
					"$(SDKROOT)/Developer/Library/Frameworks",
					"$(inherited)",
					"$(DEVELOPER_FRAMEWORKS_DIR)",
				);
				GCC_PRECOMPILE_PREFIX_HEADER = YES;
				GCC_PREFIX_HEADER = "InWanTravel/InWanTravel-Prefix.pch";
				GCC_PREPROCESSOR_DEFINITIONS = (
					"DEBUG=1",
					"$(inherited)",
				);
				INFOPLIST_FILE = "InWanTravelTests/InWanTravelTests-Info.plist";
				PRODUCT_NAME = "$(TARGET_NAME)";
				TEST_HOST = "$(BUNDLE_LOADER)";
				WRAPPER_EXTENSION = xctest;
			};
			name = Debug;
		};
		DB63041118F74ABB0056F188 /* Release */ = {
			isa = XCBuildConfiguration;
			buildSettings = {
				ARCHS = "$(ARCHS_STANDARD_INCLUDING_64_BIT)";
				BUNDLE_LOADER = "$(BUILT_PRODUCTS_DIR)/InWanTravel.app/InWanTravel";
				FRAMEWORK_SEARCH_PATHS = (
					"$(SDKROOT)/Developer/Library/Frameworks",
					"$(inherited)",
					"$(DEVELOPER_FRAMEWORKS_DIR)",
				);
				GCC_PRECOMPILE_PREFIX_HEADER = YES;
				GCC_PREFIX_HEADER = "InWanTravel/InWanTravel-Prefix.pch";
				INFOPLIST_FILE = "InWanTravelTests/InWanTravelTests-Info.plist";
				PRODUCT_NAME = "$(TARGET_NAME)";
				TEST_HOST = "$(BUNDLE_LOADER)";
				WRAPPER_EXTENSION = xctest;
			};
			name = Release;
		};
/* End XCBuildConfiguration section */

/* Begin XCConfigurationList section */
		DB6303DB18F74ABB0056F188 /* Build configuration list for PBXProject "InWanTravel" */ = {
			isa = XCConfigurationList;
			buildConfigurations = (
				DB63040A18F74ABB0056F188 /* Debug */,
				DB63040B18F74ABB0056F188 /* Release */,
			);
			defaultConfigurationIsVisible = 0;
			defaultConfigurationName = Release;
		};
		DB63040C18F74ABB0056F188 /* Build configuration list for PBXNativeTarget "InWanTravel" */ = {
			isa = XCConfigurationList;
			buildConfigurations = (
				DB63040D18F74ABB0056F188 /* Debug */,
				DB63040E18F74ABB0056F188 /* Release */,
			);
			defaultConfigurationIsVisible = 0;
			defaultConfigurationName = Release;
		};
		DB63040F18F74ABB0056F188 /* Build configuration list for PBXNativeTarget "InWanTravelTests" */ = {
			isa = XCConfigurationList;
			buildConfigurations = (
				DB63041018F74ABB0056F188 /* Debug */,
				DB63041118F74ABB0056F188 /* Release */,
			);
			defaultConfigurationIsVisible = 0;
			defaultConfigurationName = Release;
		};
/* End XCConfigurationList section */
	};
	rootObject = DB6303D818F74ABB0056F188 /* Project object */;
}
